// !$*UTF8*$!
{
	archiveVersion = 1;
	classes = {
	};
	objectVersion = 46;
	objects = {

/* Begin PBXBuildFile section */
		04EE9DB021DCD10C00932E6D /* AppDelegate.swift in Sources */ = {isa = PBXBuildFile; fileRef = 04EE9DAF21DCD10C00932E6D /* AppDelegate.swift */; };
		04EE9DB221DCD10C00932E6D /* ViewController.swift in Sources */ = {isa = PBXBuildFile; fileRef = 04EE9DB121DCD10C00932E6D /* ViewController.swift */; };
		04EE9DB521DCD10C00932E6D /* Main.storyboard in Resources */ = {isa = PBXBuildFile; fileRef = 04EE9DB321DCD10C00932E6D /* Main.storyboard */; };
		04EE9DB821DCD10C00932E6D /* UserDefaultDatabase.xcdatamodeld in Sources */ = {isa = PBXBuildFile; fileRef = 04EE9DB621DCD10C00932E6D /* UserDefaultDatabase.xcdatamodeld */; };
		04EE9DBA21DCD10C00932E6D /* Assets.xcassets in Resources */ = {isa = PBXBuildFile; fileRef = 04EE9DB921DCD10C00932E6D /* Assets.xcassets */; };
		04EE9DBD21DCD10C00932E6D /* LaunchScreen.storyboard in Resources */ = {isa = PBXBuildFile; fileRef = 04EE9DBB21DCD10C00932E6D /* LaunchScreen.storyboard */; };
/* End PBXBuildFile section */

/* Begin PBXFileReference section */
		04EE9DAC21DCD10C00932E6D /* UserDefaultDatabase.app */ = {isa = PBXFileReference; explicitFileType = wrapper.application; includeInIndex = 0; path = UserDefaultDatabase.app; sourceTree = BUILT_PRODUCTS_DIR; };
		04EE9DAF21DCD10C00932E6D /* AppDelegate.swift */ = {isa = PBXFileReference; lastKnownFileType = sourcecode.swift; path = AppDelegate.swift; sourceTree = "<group>"; };
		04EE9DB121DCD10C00932E6D /* ViewController.swift */ = {isa = PBXFileReference; lastKnownFileType = sourcecode.swift; path = ViewController.swift; sourceTree = "<group>"; };
		04EE9DB421DCD10C00932E6D /* Base */ = {isa = PBXFileReference; lastKnownFileType = file.storyboard; name = Base; path = Base.lproj/Main.storyboard; sourceTree = "<group>"; };
		04EE9DB721DCD10C00932E6D /* UserDefaultDatabase.xcdatamodel */ = {isa = PBXFileReference; lastKnownFileType = wrapper.xcdatamodel; path = UserDefaultDatabase.xcdatamodel; sourceTree = "<group>"; };
		04EE9DB921DCD10C00932E6D /* Assets.xcassets */ = {isa = PBXFileReference; lastKnownFileType = folder.assetcatalog; path = Assets.xcassets; sourceTree = "<group>"; };
		04EE9DBC21DCD10C00932E6D /* Base */ = {isa = PBXFileReference; lastKnownFileType = file.storyboard; name = Base; path = Base.lproj/LaunchScreen.storyboard; sourceTree = "<group>"; };
		04EE9DBE21DCD10C00932E6D /* Info.plist */ = {isa = PBXFileReference; lastKnownFileType = text.plist.xml; path = Info.plist; sourceTree = "<group>"; };
/* End PBXFileReference section */

/* Begin PBXFrameworksBuildPhase section */
		04EE9DA921DCD10C00932E6D /* Frameworks */ = {
			isa = PBXFrameworksBuildPhase;
			buildActionMask = 2147483647;
			files = (
			);
			runOnlyForDeploymentPostprocessing = 0;
		};
/* End PBXFrameworksBuildPhase section */

/* Begin PBXGroup section */
		04EE9DA321DCD10C00932E6D = {
			isa = PBXGroup;
			children = (
				04EE9DAE21DCD10C00932E6D /* UserDefaultDatabase */,
				04EE9DAD21DCD10C00932E6D /* Products */,
			);
			sourceTree = "<group>";
		};
		04EE9DAD21DCD10C00932E6D /* Products */ = {
			isa = PBXGroup;
			children = (
				04EE9DAC21DCD10C00932E6D /* UserDefaultDatabase.app */,
			);
			name = Products;
			sourceTree = "<group>";
		};
		04EE9DAE21DCD10C00932E6D /* UserDefaultDatabase */ = {
			isa = PBXGroup;
			children = (
				04EE9DAF21DCD10C00932E6D /* AppDelegate.swift */,
				04EE9DB121DCD10C00932E6D /* ViewController.swift */,
				04EE9DB321DCD10C00932E6D /* Main.storyboard */,
				04EE9DB921DCD10C00932E6D /* Assets.xcassets */,
				04EE9DBB21DCD10C00932E6D /* LaunchScreen.storyboard */,
				04EE9DBE21DCD10C00932E6D /* Info.plist */,
				04EE9DB621DCD10C00932E6D /* UserDefaultDatabase.xcdatamodeld */,
			);
			path = UserDefaultDatabase;
			sourceTree = "<group>";
		};
/* End PBXGroup section */

/* Begin PBXNativeTarget section */
		04EE9DAB21DCD10C00932E6D /* UserDefaultDatabase */ = {
			isa = PBXNativeTarget;
			buildConfigurationList = 04EE9DC121DCD10C00932E6D /* Build configuration list for PBXNativeTarget "UserDefaultDatabase" */;
			buildPhases = (
				04EE9DA821DCD10C00932E6D /* Sources */,
				04EE9DA921DCD10C00932E6D /* Frameworks */,
				04EE9DAA21DCD10C00932E6D /* Resources */,
			);
			buildRules = (
			);
			dependencies = (
			);
			name = UserDefaultDatabase;
			productName = UserDefaultDatabase;
			productReference = 04EE9DAC21DCD10C00932E6D /* UserDefaultDatabase.app */;
			productType = "com.apple.product-type.application";
		};
/* End PBXNativeTarget section */

/* Begin PBXProject section */
		04EE9DA421DCD10C00932E6D /* Project object */ = {
			isa = PBXProject;
			attributes = {
				LastSwiftUpdateCheck = 0830;
				LastUpgradeCheck = 0830;
				ORGANIZATIONNAME = Pradnya;
				TargetAttributes = {
					04EE9DAB21DCD10C00932E6D = {
						CreatedOnToolsVersion = 8.3.3;
						ProvisioningStyle = Automatic;
					};
				};
			};
			buildConfigurationList = 04EE9DA721DCD10C00932E6D /* Build configuration list for PBXProject "UserDefaultDatabase" */;
			compatibilityVersion = "Xcode 3.2";
			developmentRegion = English;
			hasScannedForEncodings = 0;
			knownRegions = (
				en,
				Base,
			);
			mainGroup = 04EE9DA321DCD10C00932E6D;
			productRefGroup = 04EE9DAD21DCD10C00932E6D /* Products */;
			projectDirPath = "";
			projectRoot = "";
			targets = (
				04EE9DAB21DCD10C00932E6D /* UserDefaultDatabase */,
			);
		};
/* End PBXProject section */

/* Begin PBXResourcesBuildPhase section */
		04EE9DAA21DCD10C00932E6D /* Resources */ = {
			isa = PBXResourcesBuildPhase;
			buildActionMask = 2147483647;
			files = (
				04EE9DBD21DCD10C00932E6D /* LaunchScreen.storyboard in Resources */,
				04EE9DBA21DCD10C00932E6D /* Assets.xcassets in Resources */,
				04EE9DB521DCD10C00932E6D /* Main.storyboard in Resources */,
			);
			runOnlyForDeploymentPostprocessing = 0;
		};
/* End PBXResourcesBuildPhase section */

/* Begin PBXSourcesBuildPhase section */
		04EE9DA821DCD10C00932E6D /* Sources */ = {
			isa = PBXSourcesBuildPhase;
			buildActionMask = 2147483647;
			files = (
				04EE9DB221DCD10C00932E6D /* ViewController.swift in Sources */,
				04EE9DB021DCD10C00932E6D /* AppDelegate.swift in Sources */,
				04EE9DB821DCD10C00932E6D /* UserDefaultDatabase.xcdatamodeld in Sources */,
			);
			runOnlyForDeploymentPostprocessing = 0;
		};
/* End PBXSourcesBuildPhase section */

/* Begin PBXVariantGroup section */
		04EE9DB321DCD10C00932E6D /* Main.storyboard */ = {
			isa = PBXVariantGroup;
			children = (
				04EE9DB421DCD10C00932E6D /* Base */,
			);
			name = Main.storyboard;
			sourceTree = "<group>";
		};
		04EE9DBB21DCD10C00932E6D /* LaunchScreen.storyboard */ = {
			isa = PBXVariantGroup;
			children = (
				04EE9DBC21DCD10C00932E6D /* Base */,
			);
			name = LaunchScreen.storyboard;
			sourceTree = "<group>";
		};
/* End PBXVariantGroup section */

/* Begin XCBuildConfiguration section */
		04EE9DBF21DCD10C00932E6D /* Debug */ = {
			isa = XCBuildConfiguration;
			buildSettings = {
				ALWAYS_SEARCH_USER_PATHS = NO;
				CLANG_ANALYZER_NONNULL = YES;
				CLANG_ANALYZER_NUMBER_OBJECT_CONVERSION = YES_AGGRESSIVE;
				CLANG_CXX_LANGUAGE_STANDARD = "gnu++0x";
				CLANG_CXX_LIBRARY = "libc++";
				CLANG_ENABLE_MODULES = YES;
				CLANG_ENABLE_OBJC_ARC = YES;
				CLANG_WARN_BOOL_CONVERSION = YES;
				CLANG_WARN_CONSTANT_CONVERSION = YES;
				CLANG_WARN_DIRECT_OBJC_ISA_USAGE = YES_ERROR;
				CLANG_WARN_DOCUMENTATION_COMMENTS = YES;
				CLANG_WARN_EMPTY_BODY = YES;
				CLANG_WARN_ENUM_CONVERSION = YES;
				CLANG_WARN_INFINITE_RECURSION = YES;
				CLANG_WARN_INT_CONVERSION = YES;
				CLANG_WARN_OBJC_ROOT_CLASS = YES_ERROR;
				CLANG_WARN_SUSPICIOUS_MOVE = YES;
				CLANG_WARN_UNREACHABLE_CODE = YES;
				CLANG_WARN__DUPLICATE_METHOD_MATCH = YES;
				"CODE_SIGN_IDENTITY[sdk=iphoneos*]" = "iPhone Developer";
				COPY_PHASE_STRIP = NO;
				DEBUG_INFORMATION_FORMAT = dwarf;
				ENABLE_STRICT_OBJC_MSGSEND = YES;
				ENABLE_TESTABILITY = YES;
				GCC_C_LANGUAGE_STANDARD = gnu99;
				GCC_DYNAMIC_NO_PIC = NO;
				GCC_NO_COMMON_BLOCKS = YES;
				GCC_OPTIMIZATION_LEVEL = 0;
				GCC_PREPROCESSOR_DEFINITIONS = (
					"DEBUG=1",
					"$(inherited)",
				);
				GCC_WARN_64_TO_32_BIT_CONVERSION = YES;
				GCC_WARN_ABOUT_RETURN_TYPE = YES_ERROR;
				GCC_WARN_UNDECLARED_SELECTOR = YES;
				GCC_WARN_UNINITIALIZED_AUTOS = YES_AGGRESSIVE;
				GCC_WARN_UNUSED_FUNCTION = YES;
				GCC_WARN_UNUSED_VARIABLE = YES;
				IPHONEOS_DEPLOYMENT_TARGET = 10.3;
				MTL_ENABLE_DEBUG_INFO = YES;
				ONLY_ACTIVE_ARCH = YES;
				SDKROOT = iphoneos;
				SWIFT_ACTIVE_COMPILATION_CONDITIONS = DEBUG;
				SWIFT_OPTIMIZATION_LEVEL = "-Onone";
				TARGETED_DEVICE_FAMILY = "1,2";
			};
			name = Debug;
		};
		04EE9DC021DCD10C00932E6D /* Release */ = {
			isa = XCBuildConfiguration;
			buildSettings = {
				ALWAYS_SEARCH_USER_PATHS = NO;
				CLANG_ANALYZER_NONNULL = YES;
				CLANG_ANALYZER_NUMBER_OBJECT_CONVERSION = YES_AGGRESSIVE;
				CLANG_CXX_LANGUAGE_STANDARD = "gnu++0x";
				CLANG_CXX_LIBRARY = "libc++";
				CLANG_ENABLE_MODULES = YES;
				CLANG_ENABLE_OBJC_ARC = YES;
				CLANG_WARN_BOOL_CONVERSION = YES;
				CLANG_WARN_CONSTANT_CONVERSION = YES;
				CLANG_WARN_DIRECT_OBJC_ISA_USAGE = YES_ERROR;
				CLANG_WARN_DOCUMENTATION_COMMENTS = YES;
				CLANG_WARN_EMPTY_BODY = YES;
				CLANG_WARN_ENUM_CONVERSION = YES;
				CLANG_WARN_INFINITE_RECURSION = YES;
				CLANG_WARN_INT_CONVERSION = YES;
				CLANG_WARN_OBJC_ROOT_CLASS = YES_ERROR;
				CLANG_WARN_SUSPICIOUS_MOVE = YES;
				CLANG_WARN_UNREACHABLE_CODE = YES;
				CLANG_WARN__DUPLICATE_METHOD_MATCH = YES;
				"CODE_SIGN_IDENTITY[sdk=iphoneos*]" = "iPhone Developer";
				COPY_PHASE_STRIP = NO;
				DEBUG_INFORMATION_FORMAT = "dwarf-with-dsym";
				ENABLE_NS_ASSERTIONS = NO;
				ENABLE_STRICT_OBJC_MSGSEND = YES;
				GCC_C_LANGUAGE_STANDARD = gnu99;
				GCC_NO_COMMON_BLOCKS = YES;
				GCC_WARN_64_TO_32_BIT_CONVERSION = YES;
				GCC_WARN_ABOUT_RETURN_TYPE = YES_ERROR;
				GCC_WARN_UNDECLARED_SELECTOR = YES;
				GCC_WARN_UNINITIALIZED_AUTOS = YES_AGGRESSIVE;
				GCC_WARN_UNUSED_FUNCTION = YES;
				GCC_WARN_UNUSED_VARIABLE = YES;
				IPHONEOS_DEPLOYMENT_TARGET = 10.3;
				MTL_ENABLE_DEBUG_INFO = NO;
				SDKROOT = iphoneos;
				SWIFT_OPTIMIZATION_LEVEL = "-Owholemodule";
				TARGETED_DEVICE_FAMILY = "1,2";
				VALIDATE_PRODUCT = YES;
			};
			name = Release;
		};
		04EE9DC221DCD10C00932E6D /* Debug */ = {
			isa = XCBuildConfiguration;
			buildSettings = {
				ASSETCATALOG_COMPILER_APPICON_NAME = AppIcon;
				INFOPLIST_FILE = UserDefaultDatabase/Info.plist;
				LD_RUNPATH_SEARCH_PATHS = "$(inherited) @executable_path/Frameworks";
				PRODUCT_BUNDLE_IDENTIFIER = bitcode.UserDefaultDatabase;
				PRODUCT_NAME = "$(TARGET_NAME)";
				SWIFT_VERSION = 3.0;
			};
			name = Debug;
		};
		04EE9DC321DCD10C00932E6D /* Release */ = {
			isa = XCBuildConfiguration;
			buildSettings = {
				ASSETCATALOG_COMPILER_APPICON_NAME = AppIcon;
				INFOPLIST_FILE = UserDefaultDatabase/Info.plist;
				LD_RUNPATH_SEARCH_PATHS = "$(inherited) @executable_path/Frameworks";
				PRODUCT_BUNDLE_IDENTIFIER = bitcode.UserDefaultDatabase;
				PRODUCT_NAME = "$(TARGET_NAME)";
				SWIFT_VERSION = 3.0;
			};
			name = Release;
		};
/* End XCBuildConfiguration section */

/* Begin XCConfigurationList section */
		04EE9DA721DCD10C00932E6D /* Build configuration list for PBXProject "UserDefaultDatabase" */ = {
			isa = XCConfigurationList;
			buildConfigurations = (
				04EE9DBF21DCD10C00932E6D /* Debug */,
				04EE9DC021DCD10C00932E6D /* Release */,
			);
			defaultConfigurationIsVisible = 0;
			defaultConfigurationName = Release;
		};
		04EE9DC121DCD10C00932E6D /* Build configuration list for PBXNativeTarget "UserDefaultDatabase" */ = {
			isa = XCConfigurationList;
			buildConfigurations = (
				04EE9DC221DCD10C00932E6D /* Debug */,
				04EE9DC321DCD10C00932E6D /* Release */,
			);
			defaultConfigurationIsVisible = 0;
		};
/* End XCConfigurationList section */

/* Begin XCVersionGroup section */
		04EE9DB621DCD10C00932E6D /* UserDefaultDatabase.xcdatamodeld */ = {
			isa = XCVersionGroup;
			children = (
				04EE9DB721DCD10C00932E6D /* UserDefaultDatabase.xcdatamodel */,
			);
			currentVersion = 04EE9DB721DCD10C00932E6D /* UserDefaultDatabase.xcdatamodel */;
			path = UserDefaultDatabase.xcdatamodeld;
			sourceTree = "<group>";
			versionGroupType = wrapper.xcdatamodel;
		};
/* End XCVersionGroup section */
	};
	rootObject = 04EE9DA421DCD10C00932E6D /* Project object */;
}
