// !$*UTF8*$!
{
	archiveVersion = 1;
	classes = {
	};
	objectVersion = 46;
	objects = {

/* Begin PBXBuildFile section */
		04CB4EC821C8EC53001DCD56 /* AppDelegate.swift in Sources */ = {isa = PBXBuildFile; fileRef = 04CB4EC721C8EC53001DCD56 /* AppDelegate.swift */; };
		04CB4ECA21C8EC53001DCD56 /* ViewController.swift in Sources */ = {isa = PBXBuildFile; fileRef = 04CB4EC921C8EC53001DCD56 /* ViewController.swift */; };
		04CB4ECD21C8EC53001DCD56 /* Main.storyboard in Resources */ = {isa = PBXBuildFile; fileRef = 04CB4ECB21C8EC53001DCD56 /* Main.storyboard */; };
		04CB4ED021C8EC53001DCD56 /* MobileXib.xcdatamodeld in Sources */ = {isa = PBXBuildFile; fileRef = 04CB4ECE21C8EC53001DCD56 /* MobileXib.xcdatamodeld */; };
		04CB4ED221C8EC53001DCD56 /* Assets.xcassets in Resources */ = {isa = PBXBuildFile; fileRef = 04CB4ED121C8EC53001DCD56 /* Assets.xcassets */; };
		04CB4ED521C8EC53001DCD56 /* LaunchScreen.storyboard in Resources */ = {isa = PBXBuildFile; fileRef = 04CB4ED321C8EC53001DCD56 /* LaunchScreen.storyboard */; };
		04CB4EE221C8F3AD001DCD56 /* MobileTableViewController.swift in Sources */ = {isa = PBXBuildFile; fileRef = 04CB4EE021C8F3AD001DCD56 /* MobileTableViewController.swift */; };
		04CB4EE321C8F3AD001DCD56 /* MobileTableViewController.xib in Resources */ = {isa = PBXBuildFile; fileRef = 04CB4EE121C8F3AD001DCD56 /* MobileTableViewController.xib */; };
		04CB4EEA21C8F56F001DCD56 /* MobileTableViewCell.swift in Sources */ = {isa = PBXBuildFile; fileRef = 04CB4EE821C8F56F001DCD56 /* MobileTableViewCell.swift */; };
		04CB4EEB21C8F56F001DCD56 /* MobileTableViewCell.xib in Resources */ = {isa = PBXBuildFile; fileRef = 04CB4EE921C8F56F001DCD56 /* MobileTableViewCell.xib */; };
		04CB4EED21C8F6D6001DCD56 /* MobileClass.swift in Sources */ = {isa = PBXBuildFile; fileRef = 04CB4EEC21C8F6D6001DCD56 /* MobileClass.swift */; };
		04CB4EF021C90748001DCD56 /* MobileViewController.swift in Sources */ = {isa = PBXBuildFile; fileRef = 04CB4EEE21C90748001DCD56 /* MobileViewController.swift */; };
		04CB4EF121C90748001DCD56 /* MobileViewController.xib in Resources */ = {isa = PBXBuildFile; fileRef = 04CB4EEF21C90748001DCD56 /* MobileViewController.xib */; };
		04CB4EF421C90FC8001DCD56 /* ProductViewController.swift in Sources */ = {isa = PBXBuildFile; fileRef = 04CB4EF221C90FC8001DCD56 /* ProductViewController.swift */; };
		04CB4EF521C90FC8001DCD56 /* ProductViewController.xib in Resources */ = {isa = PBXBuildFile; fileRef = 04CB4EF321C90FC8001DCD56 /* ProductViewController.xib */; };
		04CB4EF821C91120001DCD56 /* ProductTableViewController.swift in Sources */ = {isa = PBXBuildFile; fileRef = 04CB4EF621C91120001DCD56 /* ProductTableViewController.swift */; };
		04CB4EF921C91120001DCD56 /* ProductTableViewController.xib in Resources */ = {isa = PBXBuildFile; fileRef = 04CB4EF721C91120001DCD56 /* ProductTableViewController.xib */; };
/* End PBXBuildFile section */

/* Begin PBXFileReference section */
		04CB4EC421C8EC53001DCD56 /* MobileXib.app */ = {isa = PBXFileReference; explicitFileType = wrapper.application; includeInIndex = 0; path = MobileXib.app; sourceTree = BUILT_PRODUCTS_DIR; };
		04CB4EC721C8EC53001DCD56 /* AppDelegate.swift */ = {isa = PBXFileReference; lastKnownFileType = sourcecode.swift; path = AppDelegate.swift; sourceTree = "<group>"; };
		04CB4EC921C8EC53001DCD56 /* ViewController.swift */ = {isa = PBXFileReference; lastKnownFileType = sourcecode.swift; path = ViewController.swift; sourceTree = "<group>"; };
		04CB4ECC21C8EC53001DCD56 /* Base */ = {isa = PBXFileReference; lastKnownFileType = file.storyboard; name = Base; path = Base.lproj/Main.storyboard; sourceTree = "<group>"; };
		04CB4ECF21C8EC53001DCD56 /* MobileXib.xcdatamodel */ = {isa = PBXFileReference; lastKnownFileType = wrapper.xcdatamodel; path = MobileXib.xcdatamodel; sourceTree = "<group>"; };
		04CB4ED121C8EC53001DCD56 /* Assets.xcassets */ = {isa = PBXFileReference; lastKnownFileType = folder.assetcatalog; path = Assets.xcassets; sourceTree = "<group>"; };
		04CB4ED421C8EC53001DCD56 /* Base */ = {isa = PBXFileReference; lastKnownFileType = file.storyboard; name = Base; path = Base.lproj/LaunchScreen.storyboard; sourceTree = "<group>"; };
		04CB4ED621C8EC53001DCD56 /* Info.plist */ = {isa = PBXFileReference; lastKnownFileType = text.plist.xml; path = Info.plist; sourceTree = "<group>"; };
		04CB4EE021C8F3AD001DCD56 /* MobileTableViewController.swift */ = {isa = PBXFileReference; fileEncoding = 4; lastKnownFileType = sourcecode.swift; path = MobileTableViewController.swift; sourceTree = "<group>"; };
		04CB4EE121C8F3AD001DCD56 /* MobileTableViewController.xib */ = {isa = PBXFileReference; fileEncoding = 4; lastKnownFileType = file.xib; path = MobileTableViewController.xib; sourceTree = "<group>"; };
		04CB4EE821C8F56F001DCD56 /* MobileTableViewCell.swift */ = {isa = PBXFileReference; fileEncoding = 4; lastKnownFileType = sourcecode.swift; path = MobileTableViewCell.swift; sourceTree = "<group>"; };
		04CB4EE921C8F56F001DCD56 /* MobileTableViewCell.xib */ = {isa = PBXFileReference; fileEncoding = 4; lastKnownFileType = file.xib; path = MobileTableViewCell.xib; sourceTree = "<group>"; };
		04CB4EEC21C8F6D6001DCD56 /* MobileClass.swift */ = {isa = PBXFileReference; fileEncoding = 4; lastKnownFileType = sourcecode.swift; path = MobileClass.swift; sourceTree = "<group>"; };
		04CB4EEE21C90748001DCD56 /* MobileViewController.swift */ = {isa = PBXFileReference; fileEncoding = 4; lastKnownFileType = sourcecode.swift; path = MobileViewController.swift; sourceTree = "<group>"; };
		04CB4EEF21C90748001DCD56 /* MobileViewController.xib */ = {isa = PBXFileReference; fileEncoding = 4; lastKnownFileType = file.xib; path = MobileViewController.xib; sourceTree = "<group>"; };
		04CB4EF221C90FC8001DCD56 /* ProductViewController.swift */ = {isa = PBXFileReference; fileEncoding = 4; lastKnownFileType = sourcecode.swift; path = ProductViewController.swift; sourceTree = "<group>"; };
		04CB4EF321C90FC8001DCD56 /* ProductViewController.xib */ = {isa = PBXFileReference; fileEncoding = 4; lastKnownFileType = file.xib; path = ProductViewController.xib; sourceTree = "<group>"; };
		04CB4EF621C91120001DCD56 /* ProductTableViewController.swift */ = {isa = PBXFileReference; fileEncoding = 4; lastKnownFileType = sourcecode.swift; path = ProductTableViewController.swift; sourceTree = "<group>"; };
		04CB4EF721C91120001DCD56 /* ProductTableViewController.xib */ = {isa = PBXFileReference; fileEncoding = 4; lastKnownFileType = file.xib; path = ProductTableViewController.xib; sourceTree = "<group>"; };
/* End PBXFileReference section */

/* Begin PBXFrameworksBuildPhase section */
		04CB4EC121C8EC53001DCD56 /* Frameworks */ = {
			isa = PBXFrameworksBuildPhase;
			buildActionMask = 2147483647;
			files = (
			);
			runOnlyForDeploymentPostprocessing = 0;
		};
/* End PBXFrameworksBuildPhase section */

/* Begin PBXGroup section */
		04CB4EBB21C8EC52001DCD56 = {
			isa = PBXGroup;
			children = (
				04CB4EC621C8EC53001DCD56 /* MobileXib */,
				04CB4EC521C8EC53001DCD56 /* Products */,
			);
			sourceTree = "<group>";
		};
		04CB4EC521C8EC53001DCD56 /* Products */ = {
			isa = PBXGroup;
			children = (
				04CB4EC421C8EC53001DCD56 /* MobileXib.app */,
			);
			name = Products;
			sourceTree = "<group>";
		};
		04CB4EC621C8EC53001DCD56 /* MobileXib */ = {
			isa = PBXGroup;
			children = (
				04CB4EC721C8EC53001DCD56 /* AppDelegate.swift */,
				04CB4EC921C8EC53001DCD56 /* ViewController.swift */,
				04CB4ECB21C8EC53001DCD56 /* Main.storyboard */,
				04CB4ED121C8EC53001DCD56 /* Assets.xcassets */,
				04CB4ED321C8EC53001DCD56 /* LaunchScreen.storyboard */,
				04CB4ED621C8EC53001DCD56 /* Info.plist */,
				04CB4ECE21C8EC53001DCD56 /* MobileXib.xcdatamodeld */,
				04CB4EE021C8F3AD001DCD56 /* MobileTableViewController.swift */,
				04CB4EE121C8F3AD001DCD56 /* MobileTableViewController.xib */,
				04CB4EE821C8F56F001DCD56 /* MobileTableViewCell.swift */,
				04CB4EE921C8F56F001DCD56 /* MobileTableViewCell.xib */,
				04CB4EEC21C8F6D6001DCD56 /* MobileClass.swift */,
				04CB4EEE21C90748001DCD56 /* MobileViewController.swift */,
				04CB4EEF21C90748001DCD56 /* MobileViewController.xib */,
				04CB4EF221C90FC8001DCD56 /* ProductViewController.swift */,
				04CB4EF321C90FC8001DCD56 /* ProductViewController.xib */,
				04CB4EF621C91120001DCD56 /* ProductTableViewController.swift */,
				04CB4EF721C91120001DCD56 /* ProductTableViewController.xib */,
			);
			path = MobileXib;
			sourceTree = "<group>";
		};
/* End PBXGroup section */

/* Begin PBXNativeTarget section */
		04CB4EC321C8EC53001DCD56 /* MobileXib */ = {
			isa = PBXNativeTarget;
			buildConfigurationList = 04CB4ED921C8EC53001DCD56 /* Build configuration list for PBXNativeTarget "MobileXib" */;
			buildPhases = (
				04CB4EC021C8EC53001DCD56 /* Sources */,
				04CB4EC121C8EC53001DCD56 /* Frameworks */,
				04CB4EC221C8EC53001DCD56 /* Resources */,
			);
			buildRules = (
			);
			dependencies = (
			);
			name = MobileXib;
			productName = MobileXib;
			productReference = 04CB4EC421C8EC53001DCD56 /* MobileXib.app */;
			productType = "com.apple.product-type.application";
		};
/* End PBXNativeTarget section */

/* Begin PBXProject section */
		04CB4EBC21C8EC52001DCD56 /* Project object */ = {
			isa = PBXProject;
			attributes = {
				LastSwiftUpdateCheck = 0830;
				LastUpgradeCheck = 0830;
				ORGANIZATIONNAME = Pradnya;
				TargetAttributes = {
					04CB4EC321C8EC53001DCD56 = {
						CreatedOnToolsVersion = 8.3.3;
						ProvisioningStyle = Automatic;
					};
				};
			};
			buildConfigurationList = 04CB4EBF21C8EC52001DCD56 /* Build configuration list for PBXProject "MobileXib" */;
			compatibilityVersion = "Xcode 3.2";
			developmentRegion = English;
			hasScannedForEncodings = 0;
			knownRegions = (
				en,
				Base,
			);
			mainGroup = 04CB4EBB21C8EC52001DCD56;
			productRefGroup = 04CB4EC521C8EC53001DCD56 /* Products */;
			projectDirPath = "";
			projectRoot = "";
			targets = (
				04CB4EC321C8EC53001DCD56 /* MobileXib */,
			);
		};
/* End PBXProject section */

/* Begin PBXResourcesBuildPhase section */
		04CB4EC221C8EC53001DCD56 /* Resources */ = {
			isa = PBXResourcesBuildPhase;
			buildActionMask = 2147483647;
			files = (
				04CB4EF121C90748001DCD56 /* MobileViewController.xib in Resources */,
				04CB4EEB21C8F56F001DCD56 /* MobileTableViewCell.xib in Resources */,
				04CB4EF521C90FC8001DCD56 /* ProductViewController.xib in Resources */,
				04CB4ED521C8EC53001DCD56 /* LaunchScreen.storyboard in Resources */,
				04CB4ED221C8EC53001DCD56 /* Assets.xcassets in Resources */,
				04CB4ECD21C8EC53001DCD56 /* Main.storyboard in Resources */,
				04CB4EE321C8F3AD001DCD56 /* MobileTableViewController.xib in Resources */,
				04CB4EF921C91120001DCD56 /* ProductTableViewController.xib in Resources */,
			);
			runOnlyForDeploymentPostprocessing = 0;
		};
/* End PBXResourcesBuildPhase section */

/* Begin PBXSourcesBuildPhase section */
		04CB4EC021C8EC53001DCD56 /* Sources */ = {
			isa = PBXSourcesBuildPhase;
			buildActionMask = 2147483647;
			files = (
				04CB4EED21C8F6D6001DCD56 /* MobileClass.swift in Sources */,
				04CB4EF821C91120001DCD56 /* ProductTableViewController.swift in Sources */,
				04CB4ED021C8EC53001DCD56 /* MobileXib.xcdatamodeld in Sources */,
				04CB4EF021C90748001DCD56 /* MobileViewController.swift in Sources */,
				04CB4EE221C8F3AD001DCD56 /* MobileTableViewController.swift in Sources */,
				04CB4ECA21C8EC53001DCD56 /* ViewController.swift in Sources */,
				04CB4EC821C8EC53001DCD56 /* AppDelegate.swift in Sources */,
				04CB4EF421C90FC8001DCD56 /* ProductViewController.swift in Sources */,
				04CB4EEA21C8F56F001DCD56 /* MobileTableViewCell.swift in Sources */,
			);
			runOnlyForDeploymentPostprocessing = 0;
		};
/* End PBXSourcesBuildPhase section */

/* Begin PBXVariantGroup section */
		04CB4ECB21C8EC53001DCD56 /* Main.storyboard */ = {
			isa = PBXVariantGroup;
			children = (
				04CB4ECC21C8EC53001DCD56 /* Base */,
			);
			name = Main.storyboard;
			sourceTree = "<group>";
		};
		04CB4ED321C8EC53001DCD56 /* LaunchScreen.storyboard */ = {
			isa = PBXVariantGroup;
			children = (
				04CB4ED421C8EC53001DCD56 /* Base */,
			);
			name = LaunchScreen.storyboard;
			sourceTree = "<group>";
		};
/* End PBXVariantGroup section */

/* Begin XCBuildConfiguration section */
		04CB4ED721C8EC53001DCD56 /* Debug */ = {
			isa = XCBuildConfiguration;
			buildSettings = {
				ALWAYS_SEARCH_USER_PATHS = NO;
				CLANG_ANALYZER_NONNULL = YES;
				CLANG_ANALYZER_NUMBER_OBJECT_CONVERSION = YES_AGGRESSIVE;
				CLANG_CXX_LANGUAGE_STANDARD = "gnu++0x";
				CLANG_CXX_LIBRARY = "libc++";
				CLANG_ENABLE_MODULES = YES;
				CLANG_ENABLE_OBJC_ARC = YES;
				CLANG_WARN_BOOL_CONVERSION = YES;
				CLANG_WARN_CONSTANT_CONVERSION = YES;
				CLANG_WARN_DIRECT_OBJC_ISA_USAGE = YES_ERROR;
				CLANG_WARN_DOCUMENTATION_COMMENTS = YES;
				CLANG_WARN_EMPTY_BODY = YES;
				CLANG_WARN_ENUM_CONVERSION = YES;
				CLANG_WARN_INFINITE_RECURSION = YES;
				CLANG_WARN_INT_CONVERSION = YES;
				CLANG_WARN_OBJC_ROOT_CLASS = YES_ERROR;
				CLANG_WARN_SUSPICIOUS_MOVE = YES;
				CLANG_WARN_UNREACHABLE_CODE = YES;
				CLANG_WARN__DUPLICATE_METHOD_MATCH = YES;
				"CODE_SIGN_IDENTITY[sdk=iphoneos*]" = "iPhone Developer";
				COPY_PHASE_STRIP = NO;
				DEBUG_INFORMATION_FORMAT = dwarf;
				ENABLE_STRICT_OBJC_MSGSEND = YES;
				ENABLE_TESTABILITY = YES;
				GCC_C_LANGUAGE_STANDARD = gnu99;
				GCC_DYNAMIC_NO_PIC = NO;
				GCC_NO_COMMON_BLOCKS = YES;
				GCC_OPTIMIZATION_LEVEL = 0;
				GCC_PREPROCESSOR_DEFINITIONS = (
					"DEBUG=1",
					"$(inherited)",
				);
				GCC_WARN_64_TO_32_BIT_CONVERSION = YES;
				GCC_WARN_ABOUT_RETURN_TYPE = YES_ERROR;
				GCC_WARN_UNDECLARED_SELECTOR = YES;
				GCC_WARN_UNINITIALIZED_AUTOS = YES_AGGRESSIVE;
				GCC_WARN_UNUSED_FUNCTION = YES;
				GCC_WARN_UNUSED_VARIABLE = YES;
				IPHONEOS_DEPLOYMENT_TARGET = 10.3;
				MTL_ENABLE_DEBUG_INFO = YES;
				ONLY_ACTIVE_ARCH = YES;
				SDKROOT = iphoneos;
				SWIFT_ACTIVE_COMPILATION_CONDITIONS = DEBUG;
				SWIFT_OPTIMIZATION_LEVEL = "-Onone";
				TARGETED_DEVICE_FAMILY = "1,2";
			};
			name = Debug;
		};
		04CB4ED821C8EC53001DCD56 /* Release */ = {
			isa = XCBuildConfiguration;
			buildSettings = {
				ALWAYS_SEARCH_USER_PATHS = NO;
				CLANG_ANALYZER_NONNULL = YES;
				CLANG_ANALYZER_NUMBER_OBJECT_CONVERSION = YES_AGGRESSIVE;
				CLANG_CXX_LANGUAGE_STANDARD = "gnu++0x";
				CLANG_CXX_LIBRARY = "libc++";
				CLANG_ENABLE_MODULES = YES;
				CLANG_ENABLE_OBJC_ARC = YES;
				CLANG_WARN_BOOL_CONVERSION = YES;
				CLANG_WARN_CONSTANT_CONVERSION = YES;
				CLANG_WARN_DIRECT_OBJC_ISA_USAGE = YES_ERROR;
				CLANG_WARN_DOCUMENTATION_COMMENTS = YES;
				CLANG_WARN_EMPTY_BODY = YES;
				CLANG_WARN_ENUM_CONVERSION = YES;
				CLANG_WARN_INFINITE_RECURSION = YES;
				CLANG_WARN_INT_CONVERSION = YES;
				CLANG_WARN_OBJC_ROOT_CLASS = YES_ERROR;
				CLANG_WARN_SUSPICIOUS_MOVE = YES;
				CLANG_WARN_UNREACHABLE_CODE = YES;
				CLANG_WARN__DUPLICATE_METHOD_MATCH = YES;
				"CODE_SIGN_IDENTITY[sdk=iphoneos*]" = "iPhone Developer";
				COPY_PHASE_STRIP = NO;
				DEBUG_INFORMATION_FORMAT = "dwarf-with-dsym";
				ENABLE_NS_ASSERTIONS = NO;
				ENABLE_STRICT_OBJC_MSGSEND = YES;
				GCC_C_LANGUAGE_STANDARD = gnu99;
				GCC_NO_COMMON_BLOCKS = YES;
				GCC_WARN_64_TO_32_BIT_CONVERSION = YES;
				GCC_WARN_ABOUT_RETURN_TYPE = YES_ERROR;
				GCC_WARN_UNDECLARED_SELECTOR = YES;
				GCC_WARN_UNINITIALIZED_AUTOS = YES_AGGRESSIVE;
				GCC_WARN_UNUSED_FUNCTION = YES;
				GCC_WARN_UNUSED_VARIABLE = YES;
				IPHONEOS_DEPLOYMENT_TARGET = 10.3;
				MTL_ENABLE_DEBUG_INFO = NO;
				SDKROOT = iphoneos;
				SWIFT_OPTIMIZATION_LEVEL = "-Owholemodule";
				TARGETED_DEVICE_FAMILY = "1,2";
				VALIDATE_PRODUCT = YES;
			};
			name = Release;
		};
		04CB4EDA21C8EC53001DCD56 /* Debug */ = {
			isa = XCBuildConfiguration;
			buildSettings = {
				ASSETCATALOG_COMPILER_APPICON_NAME = AppIcon;
				INFOPLIST_FILE = MobileXib/Info.plist;
				LD_RUNPATH_SEARCH_PATHS = "$(inherited) @executable_path/Frameworks";
				PRODUCT_BUNDLE_IDENTIFIER = bitcode.MobileXib;
				PRODUCT_NAME = "$(TARGET_NAME)";
				SWIFT_VERSION = 3.0;
			};
			name = Debug;
		};
		04CB4EDB21C8EC53001DCD56 /* Release */ = {
			isa = XCBuildConfiguration;
			buildSettings = {
				ASSETCATALOG_COMPILER_APPICON_NAME = AppIcon;
				INFOPLIST_FILE = MobileXib/Info.plist;
				LD_RUNPATH_SEARCH_PATHS = "$(inherited) @executable_path/Frameworks";
				PRODUCT_BUNDLE_IDENTIFIER = bitcode.MobileXib;
				PRODUCT_NAME = "$(TARGET_NAME)";
				SWIFT_VERSION = 3.0;
			};
			name = Release;
		};
/* End XCBuildConfiguration section */

/* Begin XCConfigurationList section */
		04CB4EBF21C8EC52001DCD56 /* Build configuration list for PBXProject "MobileXib" */ = {
			isa = XCConfigurationList;
			buildConfigurations = (
				04CB4ED721C8EC53001DCD56 /* Debug */,
				04CB4ED821C8EC53001DCD56 /* Release */,
			);
			defaultConfigurationIsVisible = 0;
			defaultConfigurationName = Release;
		};
		04CB4ED921C8EC53001DCD56 /* Build configuration list for PBXNativeTarget "MobileXib" */ = {
			isa = XCConfigurationList;
			buildConfigurations = (
				04CB4EDA21C8EC53001DCD56 /* Debug */,
				04CB4EDB21C8EC53001DCD56 /* Release */,
			);
			defaultConfigurationIsVisible = 0;
			defaultConfigurationName = Release;
		};
/* End XCConfigurationList section */

/* Begin XCVersionGroup section */
		04CB4ECE21C8EC53001DCD56 /* MobileXib.xcdatamodeld */ = {
			isa = XCVersionGroup;
			children = (
				04CB4ECF21C8EC53001DCD56 /* MobileXib.xcdatamodel */,
			);
			currentVersion = 04CB4ECF21C8EC53001DCD56 /* MobileXib.xcdatamodel */;
			path = MobileXib.xcdatamodeld;
			sourceTree = "<group>";
			versionGroupType = wrapper.xcdatamodel;
		};
/* End XCVersionGroup section */
	};
	rootObject = 04CB4EBC21C8EC52001DCD56 /* Project object */;
}
