// !$*UTF8*$!
{
	archiveVersion = 1;
	classes = {
	};
	objectVersion = 46;
	objects = {

/* Begin PBXBuildFile section */
		047FCA6B21DE234F00124649 /* ImageDownloadOperation.swift in Sources */ = {isa = PBXBuildFile; fileRef = 047FCA6A21DE234F00124649 /* ImageDownloadOperation.swift */; };
		04CF8AB321CB96AA00C0EF09 /* AppDelegate.swift in Sources */ = {isa = PBXBuildFile; fileRef = 04CF8AB221CB96AA00C0EF09 /* AppDelegate.swift */; };
		04CF8AB521CB96AA00C0EF09 /* ViewController.swift in Sources */ = {isa = PBXBuildFile; fileRef = 04CF8AB421CB96AA00C0EF09 /* ViewController.swift */; };
		04CF8AB821CB96AA00C0EF09 /* Main.storyboard in Resources */ = {isa = PBXBuildFile; fileRef = 04CF8AB621CB96AA00C0EF09 /* Main.storyboard */; };
		04CF8ABB21CB96AA00C0EF09 /* WebServiceDemo.xcdatamodeld in Sources */ = {isa = PBXBuildFile; fileRef = 04CF8AB921CB96AA00C0EF09 /* WebServiceDemo.xcdatamodeld */; };
		04CF8ABD21CB96AA00C0EF09 /* Assets.xcassets in Resources */ = {isa = PBXBuildFile; fileRef = 04CF8ABC21CB96AA00C0EF09 /* Assets.xcassets */; };
		04CF8AC021CB96AA00C0EF09 /* LaunchScreen.storyboard in Resources */ = {isa = PBXBuildFile; fileRef = 04CF8ABE21CB96AA00C0EF09 /* LaunchScreen.storyboard */; };
		04CF8AC821CB96D200C0EF09 /* PersonTableViewController.swift in Sources */ = {isa = PBXBuildFile; fileRef = 04CF8AC721CB96D200C0EF09 /* PersonTableViewController.swift */; };
		04CF8ACA21CB9C3300C0EF09 /* PersonClass.swift in Sources */ = {isa = PBXBuildFile; fileRef = 04CF8AC921CB9C3300C0EF09 /* PersonClass.swift */; };
		04CF8ACC21CBA67E00C0EF09 /* CartoonTableViewController.swift in Sources */ = {isa = PBXBuildFile; fileRef = 04CF8ACB21CBA67E00C0EF09 /* CartoonTableViewController.swift */; };
		04CF8ACE21CBA69800C0EF09 /* CartoonDisplayViewController.swift in Sources */ = {isa = PBXBuildFile; fileRef = 04CF8ACD21CBA69800C0EF09 /* CartoonDisplayViewController.swift */; };
		04CF8AD021CBA6B300C0EF09 /* CartoonTableViewCell.swift in Sources */ = {isa = PBXBuildFile; fileRef = 04CF8ACF21CBA6B300C0EF09 /* CartoonTableViewCell.swift */; };
		04CF8AD221CBA6CA00C0EF09 /* Cartoon.swift in Sources */ = {isa = PBXBuildFile; fileRef = 04CF8AD121CBA6CA00C0EF09 /* Cartoon.swift */; };
		04DFC87721CCC44E0000EEA3 /* ContactsClass.swift in Sources */ = {isa = PBXBuildFile; fileRef = 04DFC87621CCC44E0000EEA3 /* ContactsClass.swift */; };
		04DFC87921CCC5500000EEA3 /* ContactsTableViewController.swift in Sources */ = {isa = PBXBuildFile; fileRef = 04DFC87821CCC5500000EEA3 /* ContactsTableViewController.swift */; };
		04DFC87B21CCC5630000EEA3 /* ContactsTableViewCell.swift in Sources */ = {isa = PBXBuildFile; fileRef = 04DFC87A21CCC5630000EEA3 /* ContactsTableViewCell.swift */; };
		04DFC87D21CCC5830000EEA3 /* ContactsDisplayViewController.swift in Sources */ = {isa = PBXBuildFile; fileRef = 04DFC87C21CCC5830000EEA3 /* ContactsDisplayViewController.swift */; };
/* End PBXBuildFile section */

/* Begin PBXFileReference section */
		047FCA6A21DE234F00124649 /* ImageDownloadOperation.swift */ = {isa = PBXFileReference; fileEncoding = 4; lastKnownFileType = sourcecode.swift; path = ImageDownloadOperation.swift; sourceTree = "<group>"; };
		04CF8AAF21CB96AA00C0EF09 /* WebServiceDemo.app */ = {isa = PBXFileReference; explicitFileType = wrapper.application; includeInIndex = 0; path = WebServiceDemo.app; sourceTree = BUILT_PRODUCTS_DIR; };
		04CF8AB221CB96AA00C0EF09 /* AppDelegate.swift */ = {isa = PBXFileReference; lastKnownFileType = sourcecode.swift; path = AppDelegate.swift; sourceTree = "<group>"; };
		04CF8AB421CB96AA00C0EF09 /* ViewController.swift */ = {isa = PBXFileReference; lastKnownFileType = sourcecode.swift; path = ViewController.swift; sourceTree = "<group>"; };
		04CF8AB721CB96AA00C0EF09 /* Base */ = {isa = PBXFileReference; lastKnownFileType = file.storyboard; name = Base; path = Base.lproj/Main.storyboard; sourceTree = "<group>"; };
		04CF8ABA21CB96AA00C0EF09 /* WebServiceDemo.xcdatamodel */ = {isa = PBXFileReference; lastKnownFileType = wrapper.xcdatamodel; path = WebServiceDemo.xcdatamodel; sourceTree = "<group>"; };
		04CF8ABC21CB96AA00C0EF09 /* Assets.xcassets */ = {isa = PBXFileReference; lastKnownFileType = folder.assetcatalog; path = Assets.xcassets; sourceTree = "<group>"; };
		04CF8ABF21CB96AA00C0EF09 /* Base */ = {isa = PBXFileReference; lastKnownFileType = file.storyboard; name = Base; path = Base.lproj/LaunchScreen.storyboard; sourceTree = "<group>"; };
		04CF8AC121CB96AA00C0EF09 /* Info.plist */ = {isa = PBXFileReference; lastKnownFileType = text.plist.xml; path = Info.plist; sourceTree = "<group>"; };
		04CF8AC721CB96D200C0EF09 /* PersonTableViewController.swift */ = {isa = PBXFileReference; fileEncoding = 4; lastKnownFileType = sourcecode.swift; path = PersonTableViewController.swift; sourceTree = "<group>"; };
		04CF8AC921CB9C3300C0EF09 /* PersonClass.swift */ = {isa = PBXFileReference; fileEncoding = 4; lastKnownFileType = sourcecode.swift; path = PersonClass.swift; sourceTree = "<group>"; };
		04CF8ACB21CBA67E00C0EF09 /* CartoonTableViewController.swift */ = {isa = PBXFileReference; fileEncoding = 4; lastKnownFileType = sourcecode.swift; path = CartoonTableViewController.swift; sourceTree = "<group>"; };
		04CF8ACD21CBA69800C0EF09 /* CartoonDisplayViewController.swift */ = {isa = PBXFileReference; fileEncoding = 4; lastKnownFileType = sourcecode.swift; path = CartoonDisplayViewController.swift; sourceTree = "<group>"; };
		04CF8ACF21CBA6B300C0EF09 /* CartoonTableViewCell.swift */ = {isa = PBXFileReference; fileEncoding = 4; lastKnownFileType = sourcecode.swift; path = CartoonTableViewCell.swift; sourceTree = "<group>"; };
		04CF8AD121CBA6CA00C0EF09 /* Cartoon.swift */ = {isa = PBXFileReference; fileEncoding = 4; lastKnownFileType = sourcecode.swift; path = Cartoon.swift; sourceTree = "<group>"; };
		04DFC87621CCC44E0000EEA3 /* ContactsClass.swift */ = {isa = PBXFileReference; fileEncoding = 4; lastKnownFileType = sourcecode.swift; path = ContactsClass.swift; sourceTree = "<group>"; };
		04DFC87821CCC5500000EEA3 /* ContactsTableViewController.swift */ = {isa = PBXFileReference; fileEncoding = 4; lastKnownFileType = sourcecode.swift; path = ContactsTableViewController.swift; sourceTree = "<group>"; };
		04DFC87A21CCC5630000EEA3 /* ContactsTableViewCell.swift */ = {isa = PBXFileReference; fileEncoding = 4; lastKnownFileType = sourcecode.swift; path = ContactsTableViewCell.swift; sourceTree = "<group>"; };
		04DFC87C21CCC5830000EEA3 /* ContactsDisplayViewController.swift */ = {isa = PBXFileReference; fileEncoding = 4; lastKnownFileType = sourcecode.swift; path = ContactsDisplayViewController.swift; sourceTree = "<group>"; };
/* End PBXFileReference section */

/* Begin PBXFrameworksBuildPhase section */
		04CF8AAC21CB96AA00C0EF09 /* Frameworks */ = {
			isa = PBXFrameworksBuildPhase;
			buildActionMask = 2147483647;
			files = (
			);
			runOnlyForDeploymentPostprocessing = 0;
		};
/* End PBXFrameworksBuildPhase section */

/* Begin PBXGroup section */
		04CF8AA621CB96AA00C0EF09 = {
			isa = PBXGroup;
			children = (
				04CF8AB121CB96AA00C0EF09 /* WebServiceDemo */,
				04CF8AB021CB96AA00C0EF09 /* Products */,
			);
			sourceTree = "<group>";
		};
		04CF8AB021CB96AA00C0EF09 /* Products */ = {
			isa = PBXGroup;
			children = (
				04CF8AAF21CB96AA00C0EF09 /* WebServiceDemo.app */,
			);
			name = Products;
			sourceTree = "<group>";
		};
		04CF8AB121CB96AA00C0EF09 /* WebServiceDemo */ = {
			isa = PBXGroup;
			children = (
				04CF8AB221CB96AA00C0EF09 /* AppDelegate.swift */,
				04CF8AB421CB96AA00C0EF09 /* ViewController.swift */,
				04CF8AB621CB96AA00C0EF09 /* Main.storyboard */,
				04CF8ABC21CB96AA00C0EF09 /* Assets.xcassets */,
				04CF8ABE21CB96AA00C0EF09 /* LaunchScreen.storyboard */,
				04CF8AC121CB96AA00C0EF09 /* Info.plist */,
				04CF8AB921CB96AA00C0EF09 /* WebServiceDemo.xcdatamodeld */,
				04CF8AC721CB96D200C0EF09 /* PersonTableViewController.swift */,
				04CF8AC921CB9C3300C0EF09 /* PersonClass.swift */,
				04CF8ACB21CBA67E00C0EF09 /* CartoonTableViewController.swift */,
				04CF8ACD21CBA69800C0EF09 /* CartoonDisplayViewController.swift */,
				04CF8ACF21CBA6B300C0EF09 /* CartoonTableViewCell.swift */,
				04CF8AD121CBA6CA00C0EF09 /* Cartoon.swift */,
				04DFC87621CCC44E0000EEA3 /* ContactsClass.swift */,
				04DFC87821CCC5500000EEA3 /* ContactsTableViewController.swift */,
				04DFC87A21CCC5630000EEA3 /* ContactsTableViewCell.swift */,
				04DFC87C21CCC5830000EEA3 /* ContactsDisplayViewController.swift */,
				047FCA6A21DE234F00124649 /* ImageDownloadOperation.swift */,
			);
			path = WebServiceDemo;
			sourceTree = "<group>";
		};
/* End PBXGroup section */

/* Begin PBXNativeTarget section */
		04CF8AAE21CB96AA00C0EF09 /* WebServiceDemo */ = {
			isa = PBXNativeTarget;
			buildConfigurationList = 04CF8AC421CB96AA00C0EF09 /* Build configuration list for PBXNativeTarget "WebServiceDemo" */;
			buildPhases = (
				04CF8AAB21CB96AA00C0EF09 /* Sources */,
				04CF8AAC21CB96AA00C0EF09 /* Frameworks */,
				04CF8AAD21CB96AA00C0EF09 /* Resources */,
			);
			buildRules = (
			);
			dependencies = (
			);
			name = WebServiceDemo;
			productName = WebServiceDemo;
			productReference = 04CF8AAF21CB96AA00C0EF09 /* WebServiceDemo.app */;
			productType = "com.apple.product-type.application";
		};
/* End PBXNativeTarget section */

/* Begin PBXProject section */
		04CF8AA721CB96AA00C0EF09 /* Project object */ = {
			isa = PBXProject;
			attributes = {
				LastSwiftUpdateCheck = 0830;
				LastUpgradeCheck = 0830;
				ORGANIZATIONNAME = Pradnya;
				TargetAttributes = {
					04CF8AAE21CB96AA00C0EF09 = {
						CreatedOnToolsVersion = 8.3.3;
						ProvisioningStyle = Automatic;
					};
				};
			};
			buildConfigurationList = 04CF8AAA21CB96AA00C0EF09 /* Build configuration list for PBXProject "WebServiceDemo" */;
			compatibilityVersion = "Xcode 3.2";
			developmentRegion = English;
			hasScannedForEncodings = 0;
			knownRegions = (
				en,
				Base,
			);
			mainGroup = 04CF8AA621CB96AA00C0EF09;
			productRefGroup = 04CF8AB021CB96AA00C0EF09 /* Products */;
			projectDirPath = "";
			projectRoot = "";
			targets = (
				04CF8AAE21CB96AA00C0EF09 /* WebServiceDemo */,
			);
		};
/* End PBXProject section */

/* Begin PBXResourcesBuildPhase section */
		04CF8AAD21CB96AA00C0EF09 /* Resources */ = {
			isa = PBXResourcesBuildPhase;
			buildActionMask = 2147483647;
			files = (
				04CF8AC021CB96AA00C0EF09 /* LaunchScreen.storyboard in Resources */,
				04CF8ABD21CB96AA00C0EF09 /* Assets.xcassets in Resources */,
				04CF8AB821CB96AA00C0EF09 /* Main.storyboard in Resources */,
			);
			runOnlyForDeploymentPostprocessing = 0;
		};
/* End PBXResourcesBuildPhase section */

/* Begin PBXSourcesBuildPhase section */
		04CF8AAB21CB96AA00C0EF09 /* Sources */ = {
			isa = PBXSourcesBuildPhase;
			buildActionMask = 2147483647;
			files = (
				04CF8AD221CBA6CA00C0EF09 /* Cartoon.swift in Sources */,
				04DFC87D21CCC5830000EEA3 /* ContactsDisplayViewController.swift in Sources */,
				04CF8ACA21CB9C3300C0EF09 /* PersonClass.swift in Sources */,
				04CF8ACE21CBA69800C0EF09 /* CartoonDisplayViewController.swift in Sources */,
				04DFC87721CCC44E0000EEA3 /* ContactsClass.swift in Sources */,
				047FCA6B21DE234F00124649 /* ImageDownloadOperation.swift in Sources */,
				04DFC87921CCC5500000EEA3 /* ContactsTableViewController.swift in Sources */,
				04CF8AC821CB96D200C0EF09 /* PersonTableViewController.swift in Sources */,
				04CF8AB521CB96AA00C0EF09 /* ViewController.swift in Sources */,
				04CF8AB321CB96AA00C0EF09 /* AppDelegate.swift in Sources */,
				04DFC87B21CCC5630000EEA3 /* ContactsTableViewCell.swift in Sources */,
				04CF8ACC21CBA67E00C0EF09 /* CartoonTableViewController.swift in Sources */,
				04CF8AD021CBA6B300C0EF09 /* CartoonTableViewCell.swift in Sources */,
				04CF8ABB21CB96AA00C0EF09 /* WebServiceDemo.xcdatamodeld in Sources */,
			);
			runOnlyForDeploymentPostprocessing = 0;
		};
/* End PBXSourcesBuildPhase section */

/* Begin PBXVariantGroup section */
		04CF8AB621CB96AA00C0EF09 /* Main.storyboard */ = {
			isa = PBXVariantGroup;
			children = (
				04CF8AB721CB96AA00C0EF09 /* Base */,
			);
			name = Main.storyboard;
			sourceTree = "<group>";
		};
		04CF8ABE21CB96AA00C0EF09 /* LaunchScreen.storyboard */ = {
			isa = PBXVariantGroup;
			children = (
				04CF8ABF21CB96AA00C0EF09 /* Base */,
			);
			name = LaunchScreen.storyboard;
			sourceTree = "<group>";
		};
/* End PBXVariantGroup section */

/* Begin XCBuildConfiguration section */
		04CF8AC221CB96AA00C0EF09 /* Debug */ = {
			isa = XCBuildConfiguration;
			buildSettings = {
				ALWAYS_SEARCH_USER_PATHS = NO;
				CLANG_ANALYZER_NONNULL = YES;
				CLANG_ANALYZER_NUMBER_OBJECT_CONVERSION = YES_AGGRESSIVE;
				CLANG_CXX_LANGUAGE_STANDARD = "gnu++0x";
				CLANG_CXX_LIBRARY = "libc++";
				CLANG_ENABLE_MODULES = YES;
				CLANG_ENABLE_OBJC_ARC = YES;
				CLANG_WARN_BOOL_CONVERSION = YES;
				CLANG_WARN_CONSTANT_CONVERSION = YES;
				CLANG_WARN_DIRECT_OBJC_ISA_USAGE = YES_ERROR;
				CLANG_WARN_DOCUMENTATION_COMMENTS = YES;
				CLANG_WARN_EMPTY_BODY = YES;
				CLANG_WARN_ENUM_CONVERSION = YES;
				CLANG_WARN_INFINITE_RECURSION = YES;
				CLANG_WARN_INT_CONVERSION = YES;
				CLANG_WARN_OBJC_ROOT_CLASS = YES_ERROR;
				CLANG_WARN_SUSPICIOUS_MOVE = YES;
				CLANG_WARN_UNREACHABLE_CODE = YES;
				CLANG_WARN__DUPLICATE_METHOD_MATCH = YES;
				"CODE_SIGN_IDENTITY[sdk=iphoneos*]" = "iPhone Developer";
				COPY_PHASE_STRIP = NO;
				DEBUG_INFORMATION_FORMAT = dwarf;
				ENABLE_STRICT_OBJC_MSGSEND = YES;
				ENABLE_TESTABILITY = YES;
				GCC_C_LANGUAGE_STANDARD = gnu99;
				GCC_DYNAMIC_NO_PIC = NO;
				GCC_NO_COMMON_BLOCKS = YES;
				GCC_OPTIMIZATION_LEVEL = 0;
				GCC_PREPROCESSOR_DEFINITIONS = (
					"DEBUG=1",
					"$(inherited)",
				);
				GCC_WARN_64_TO_32_BIT_CONVERSION = YES;
				GCC_WARN_ABOUT_RETURN_TYPE = YES_ERROR;
				GCC_WARN_UNDECLARED_SELECTOR = YES;
				GCC_WARN_UNINITIALIZED_AUTOS = YES_AGGRESSIVE;
				GCC_WARN_UNUSED_FUNCTION = YES;
				GCC_WARN_UNUSED_VARIABLE = YES;
				IPHONEOS_DEPLOYMENT_TARGET = 10.3;
				MTL_ENABLE_DEBUG_INFO = YES;
				ONLY_ACTIVE_ARCH = YES;
				SDKROOT = iphoneos;
				SWIFT_ACTIVE_COMPILATION_CONDITIONS = DEBUG;
				SWIFT_OPTIMIZATION_LEVEL = "-Onone";
				TARGETED_DEVICE_FAMILY = "1,2";
			};
			name = Debug;
		};
		04CF8AC321CB96AA00C0EF09 /* Release */ = {
			isa = XCBuildConfiguration;
			buildSettings = {
				ALWAYS_SEARCH_USER_PATHS = NO;
				CLANG_ANALYZER_NONNULL = YES;
				CLANG_ANALYZER_NUMBER_OBJECT_CONVERSION = YES_AGGRESSIVE;
				CLANG_CXX_LANGUAGE_STANDARD = "gnu++0x";
				CLANG_CXX_LIBRARY = "libc++";
				CLANG_ENABLE_MODULES = YES;
				CLANG_ENABLE_OBJC_ARC = YES;
				CLANG_WARN_BOOL_CONVERSION = YES;
				CLANG_WARN_CONSTANT_CONVERSION = YES;
				CLANG_WARN_DIRECT_OBJC_ISA_USAGE = YES_ERROR;
				CLANG_WARN_DOCUMENTATION_COMMENTS = YES;
				CLANG_WARN_EMPTY_BODY = YES;
				CLANG_WARN_ENUM_CONVERSION = YES;
				CLANG_WARN_INFINITE_RECURSION = YES;
				CLANG_WARN_INT_CONVERSION = YES;
				CLANG_WARN_OBJC_ROOT_CLASS = YES_ERROR;
				CLANG_WARN_SUSPICIOUS_MOVE = YES;
				CLANG_WARN_UNREACHABLE_CODE = YES;
				CLANG_WARN__DUPLICATE_METHOD_MATCH = YES;
				"CODE_SIGN_IDENTITY[sdk=iphoneos*]" = "iPhone Developer";
				COPY_PHASE_STRIP = NO;
				DEBUG_INFORMATION_FORMAT = "dwarf-with-dsym";
				ENABLE_NS_ASSERTIONS = NO;
				ENABLE_STRICT_OBJC_MSGSEND = YES;
				GCC_C_LANGUAGE_STANDARD = gnu99;
				GCC_NO_COMMON_BLOCKS = YES;
				GCC_WARN_64_TO_32_BIT_CONVERSION = YES;
				GCC_WARN_ABOUT_RETURN_TYPE = YES_ERROR;
				GCC_WARN_UNDECLARED_SELECTOR = YES;
				GCC_WARN_UNINITIALIZED_AUTOS = YES_AGGRESSIVE;
				GCC_WARN_UNUSED_FUNCTION = YES;
				GCC_WARN_UNUSED_VARIABLE = YES;
				IPHONEOS_DEPLOYMENT_TARGET = 10.3;
				MTL_ENABLE_DEBUG_INFO = NO;
				SDKROOT = iphoneos;
				SWIFT_OPTIMIZATION_LEVEL = "-Owholemodule";
				TARGETED_DEVICE_FAMILY = "1,2";
				VALIDATE_PRODUCT = YES;
			};
			name = Release;
		};
		04CF8AC521CB96AA00C0EF09 /* Debug */ = {
			isa = XCBuildConfiguration;
			buildSettings = {
				ASSETCATALOG_COMPILER_APPICON_NAME = AppIcon;
				INFOPLIST_FILE = WebServiceDemo/Info.plist;
				LD_RUNPATH_SEARCH_PATHS = "$(inherited) @executable_path/Frameworks";
				PRODUCT_BUNDLE_IDENTIFIER = bitcode.WebServiceDemo;
				PRODUCT_NAME = "$(TARGET_NAME)";
				SWIFT_VERSION = 3.0;
			};
			name = Debug;
		};
		04CF8AC621CB96AA00C0EF09 /* Release */ = {
			isa = XCBuildConfiguration;
			buildSettings = {
				ASSETCATALOG_COMPILER_APPICON_NAME = AppIcon;
				INFOPLIST_FILE = WebServiceDemo/Info.plist;
				LD_RUNPATH_SEARCH_PATHS = "$(inherited) @executable_path/Frameworks";
				PRODUCT_BUNDLE_IDENTIFIER = bitcode.WebServiceDemo;
				PRODUCT_NAME = "$(TARGET_NAME)";
				SWIFT_VERSION = 3.0;
			};
			name = Release;
		};
/* End XCBuildConfiguration section */

/* Begin XCConfigurationList section */
		04CF8AAA21CB96AA00C0EF09 /* Build configuration list for PBXProject "WebServiceDemo" */ = {
			isa = XCConfigurationList;
			buildConfigurations = (
				04CF8AC221CB96AA00C0EF09 /* Debug */,
				04CF8AC321CB96AA00C0EF09 /* Release */,
			);
			defaultConfigurationIsVisible = 0;
			defaultConfigurationName = Release;
		};
		04CF8AC421CB96AA00C0EF09 /* Build configuration list for PBXNativeTarget "WebServiceDemo" */ = {
			isa = XCConfigurationList;
			buildConfigurations = (
				04CF8AC521CB96AA00C0EF09 /* Debug */,
				04CF8AC621CB96AA00C0EF09 /* Release */,
			);
			defaultConfigurationIsVisible = 0;
			defaultConfigurationName = Release;
		};
/* End XCConfigurationList section */

/* Begin XCVersionGroup section */
		04CF8AB921CB96AA00C0EF09 /* WebServiceDemo.xcdatamodeld */ = {
			isa = XCVersionGroup;
			children = (
				04CF8ABA21CB96AA00C0EF09 /* WebServiceDemo.xcdatamodel */,
			);
			currentVersion = 04CF8ABA21CB96AA00C0EF09 /* WebServiceDemo.xcdatamodel */;
			path = WebServiceDemo.xcdatamodeld;
			sourceTree = "<group>";
			versionGroupType = wrapper.xcdatamodel;
		};
/* End XCVersionGroup section */
	};
	rootObject = 04CF8AA721CB96AA00C0EF09 /* Project object */;
}
